
Microsoft Visual Studio Solution File, Format Version 12.00
# Visual Studio 15
VisualStudioVersion = 15.0.28307.329
MinimumVisualStudioVersion = 10.0.40219.1
Project("{FAE04EC0-301F-11D3-BF4B-00C04F79EFBC}") = "aspect", "aspect\aspect.csproj", "{D876F28D-B8BD-4BBE-BCBE-EFBAFA80BD96}"
EndProject
Project("{2150E333-8FDC-42A3-9474-1A3956D46DE8}") = "Solution Items", "Solution Items", "{26F37F3A-A852-47A3-89FD-43CC8FF284CC}"
	ProjectSection(SolutionItems) = preProject
		.editorconfig = .editorconfig
		aspect\Aspect.nuspec = aspect\Aspect.nuspec
		readme.md = readme.md
	EndProjectSection
EndProject
Project("{FAE04EC0-301F-11D3-BF4B-00C04F79EFBC}") = "aspect.tests", "aspect.tests\aspect.tests.csproj", "{B8889506-E2F9-4D7D-9EDC-EFF3672223E2}"
EndProject
Project("{2150E333-8FDC-42A3-9474-1A3956D46DE8}") = "docs", "docs", "{BDDFB2A0-CF99-4763-97BC-2A2CAE63121D}"
	ProjectSection(SolutionItems) = preProject
		docs\credits.md = docs\credits.md
		docs\release-notes.md = docs\release-notes.md
	EndProjectSection
EndProject
Global
	GlobalSection(SolutionConfigurationPlatforms) = preSolution
		Debug|Any CPU = Debug|Any CPU
		Release|Any CPU = Release|Any CPU
	EndGlobalSection
	GlobalSection(ProjectConfigurationPlatforms) = postSolution
		{D876F28D-B8BD-4BBE-BCBE-EFBAFA80BD96}.Debug|Any CPU.ActiveCfg = Debug|Any CPU
		{D876F28D-B8BD-4BBE-BCBE-EFBAFA80BD96}.Debug|Any CPU.Build.0 = Debug|Any CPU
		{D876F28D-B8BD-4BBE-BCBE-EFBAFA80BD96}.Release|Any CPU.ActiveCfg = Release|Any CPU
		{D876F28D-B8BD-4BBE-BCBE-EFBAFA80BD96}.Release|Any CPU.Build.0 = Release|Any CPU
		{B8889506-E2F9-4D7D-9EDC-EFF3672223E2}.Debug|Any CPU.ActiveCfg = Debug|Any CPU
		{B8889506-E2F9-4D7D-9EDC-EFF3672223E2}.Debug|Any CPU.Build.0 = Debug|Any CPU
		{B8889506-E2F9-4D7D-9EDC-EFF3672223E2}.Release|Any CPU.ActiveCfg = Release|Any CPU
		{B8889506-E2F9-4D7D-9EDC-EFF3672223E2}.Release|Any CPU.Build.0 = Release|Any CPU
	EndGlobalSection
	GlobalSection(SolutionProperties) = preSolution
		HideSolutionNode = FALSE
	EndGlobalSection
	GlobalSection(NestedProjects) = preSolution
		{BDDFB2A0-CF99-4763-97BC-2A2CAE63121D} = {26F37F3A-A852-47A3-89FD-43CC8FF284CC}
	EndGlobalSection
	GlobalSection(ExtensibilityGlobals) = postSolution
		SolutionGuid = {A8BE91F3-B976-4424-9D6D-B055E0E6661B}
	EndGlobalSection
	GlobalSection(Performance) = preSolution
		HasPerformanceSessions = true
	EndGlobalSection
EndGlobal
